{
  "name": "cf-analytics",
  "lockfileVersion": 2,
  "requires": true,
  "packages": {
    "": {
      "name": "cf-analytics",
      "dependencies": {
        "bcryptjs": "^3.0.3",
        "postal-mime": "^2.7.5"
      },
      "devDependencies": {
        "@cloudflare/workers-types": "^4"
      }
    },
    "node_modules/@cloudflare/workers-types": {
      "version": "4.20260617.1",
      "resolved": "https://registry.npmmirror.com/@cloudflare/workers-types/-/workers-types-4.20260617.1.tgz",
      "integrity": "sha512-HdbP3CNcdMZBwegitFDjWvzv+6wPkFXvV9gBXMnf6RjV2Cy3W8TJL3IhSEGul0S6F1DHjnucP7lrpIsvkzNEjA==",
      "dev": true
    },
    "node_modules/bcryptjs": {
      "version": "3.0.3",
      "resolved": "https://registry.npmmirror.com/bcryptjs/-/bcryptjs-3.0.3.tgz",
      "integrity": "sha512-GlF5wPWnSa/X5LKM1o0wz0suXIINz1iHRLvTS+sLyi7XPbe5ycmYI3DlZqVGZZtDgl4DmasFg7gOB3JYbphV5g==",
      "bin": {
        "bcrypt": "bin/bcrypt"
      }
    },
    "node_modules/postal-mime": {
      "version": "2.7.5",
      "resolved": "https://registry.npmmirror.com/postal-mime/-/postal-mime-2.7.5.tgz",
      "integrity": "sha512-GNEXKvWFQnbgO5NlrGzVa0FmWzBZ24PersAWErttSg1Hjpf0ATxTwS5DOMGaOpTG6bUh5cTr7xi0jAD942wCJA=="
    }
  },
  "dependencies": {
    "@cloudflare/workers-types": {
      "version": "4.20260617.1",
      "resolved": "https://registry.npmmirror.com/@cloudflare/workers-types/-/workers-types-4.20260617.1.tgz",
      "integrity": "sha512-HdbP3CNcdMZBwegitFDjWvzv+6wPkFXvV9gBXMnf6RjV2Cy3W8TJL3IhSEGul0S6F1DHjnucP7lrpIsvkzNEjA==",
      "dev": true
    },
    "bcryptjs": {
      "version": "3.0.3",
      "resolved": "https://registry.npmmirror.com/bcryptjs/-/bcryptjs-3.0.3.tgz",
      "integrity": "sha512-GlF5wPWnSa/X5LKM1o0wz0suXIINz1iHRLvTS+sLyi7XPbe5ycmYI3DlZqVGZZtDgl4DmasFg7gOB3JYbphV5g=="
    },
    "postal-mime": {
      "version": "2.7.5",
      "resolved": "https://registry.npmmirror.com/postal-mime/-/postal-mime-2.7.5.tgz",
      "integrity": "sha512-GNEXKvWFQnbgO5NlrGzVa0FmWzBZ24PersAWErttSg1Hjpf0ATxTwS5DOMGaOpTG6bUh5cTr7xi0jAD942wCJA=="
    }
  }
}
